// !$*UTF8*$!
{
	archiveVersion = 1;
	classes = {
	};
	objectVersion = 56;
	objects = {

/* Begin PBXBuildFile section */
		FD8400032C83648B0013D0E5 /* Preview Assets.xcassets in Resources */ = {isa = PBXBuildFile; fileRef = FD8400022C83648B0013D0E5 /* Preview Assets.xcassets */; };
		FD84000D2C83648C0013D0E5 /* readySetGoTests.swift in Sources */ = {isa = PBXBuildFile; fileRef = FD84000C2C83648C0013D0E5 /* readySetGoTests.swift */; };
		FD8400172C83648C0013D0E5 /* readySetGoUITests.swift in Sources */ = {isa = PBXBuildFile; fileRef = FD8400162C83648C0013D0E5 /* readySetGoUITests.swift */; };
		FD8400192C83648C0013D0E5 /* readySetGoUITestsLaunchTests.swift in Sources */ = {isa = PBXBuildFile; fileRef = FD8400182C83648C0013D0E5 /* readySetGoUITestsLaunchTests.swift */; };
		FD84FFFB2C8364880013D0E5 /* readySetGoApp.swift in Sources */ = {isa = PBXBuildFile; fileRef = FD84FFFA2C8364880013D0E5 /* readySetGoApp.swift */; };
		FD84FFFD2C8364880013D0E5 /* ContentView.swift in Sources */ = {isa = PBXBuildFile; fileRef = FD84FFFC2C8364880013D0E5 /* ContentView.swift */; };
		FD84FFFF2C83648B0013D0E5 /* Assets.xcassets in Resources */ = {isa = PBXBuildFile; fileRef = FD84FFFE2C83648B0013D0E5 /* Assets.xcassets */; };
/* End PBXBuildFile section */

/* Begin PBXContainerItemProxy section */
		FD8400092C83648B0013D0E5 /* PBXContainerItemProxy */ = {
			isa = PBXContainerItemProxy;
			containerPortal = FD84FFEF2C8364880013D0E5 /* Project object */;
			proxyType = 1;
			remoteGlobalIDString = FD84FFF62C8364880013D0E5;
			remoteInfo = readySetGo;
		};
		FD8400132C83648C0013D0E5 /* PBXContainerItemProxy */ = {
			isa = PBXContainerItemProxy;
			containerPortal = FD84FFEF2C8364880013D0E5 /* Project object */;
			proxyType = 1;
			remoteGlobalIDString = FD84FFF62C8364880013D0E5;
			remoteInfo = readySetGo;
		};
/* End PBXContainerItemProxy section */

/* Begin PBXFileReference section */
		FD8400002C83648B0013D0E5 /* readySetGo.entitlements */ = {isa = PBXFileReference; lastKnownFileType = text.plist.entitlements; path = readySetGo.entitlements; sourceTree = "<group>"; };
		FD8400022C83648B0013D0E5 /* Preview Assets.xcassets */ = {isa = PBXFileReference; lastKnownFileType = folder.assetcatalog; path = "Preview Assets.xcassets"; sourceTree = "<group>"; };
		FD8400082C83648B0013D0E5 /* readySetGoTests.xctest */ = {isa = PBXFileReference; explicitFileType = wrapper.cfbundle; includeInIndex = 0; path = readySetGoTests.xctest; sourceTree = BUILT_PRODUCTS_DIR; };
		FD84000C2C83648C0013D0E5 /* readySetGoTests.swift */ = {isa = PBXFileReference; lastKnownFileType = sourcecode.swift; path = readySetGoTests.swift; sourceTree = "<group>"; };
		FD8400122C83648C0013D0E5 /* readySetGoUITests.xctest */ = {isa = PBXFileReference; explicitFileType = wrapper.cfbundle; includeInIndex = 0; path = readySetGoUITests.xctest; sourceTree = BUILT_PRODUCTS_DIR; };
		FD8400162C83648C0013D0E5 /* readySetGoUITests.swift */ = {isa = PBXFileReference; lastKnownFileType = sourcecode.swift; path = readySetGoUITests.swift; sourceTree = "<group>"; };
		FD8400182C83648C0013D0E5 /* readySetGoUITestsLaunchTests.swift */ = {isa = PBXFileReference; lastKnownFileType = sourcecode.swift; path = readySetGoUITestsLaunchTests.swift; sourceTree = "<group>"; };
		FD84FFF72C8364880013D0E5 /* readySetGo.app */ = {isa = PBXFileReference; explicitFileType = wrapper.application; includeInIndex = 0; path = readySetGo.app; sourceTree = BUILT_PRODUCTS_DIR; };
		FD84FFFA2C8364880013D0E5 /* readySetGoApp.swift */ = {isa = PBXFileReference; lastKnownFileType = sourcecode.swift; path = readySetGoApp.swift; sourceTree = "<group>"; };
		FD84FFFC2C8364880013D0E5 /* ContentView.swift */ = {isa = PBXFileReference; lastKnownFileType = sourcecode.swift; path = ContentView.swift; sourceTree = "<group>"; };
		FD84FFFE2C83648B0013D0E5 /* Assets.xcassets */ = {isa = PBXFileReference; lastKnownFileType = folder.assetcatalog; path = Assets.xcassets; sourceTree = "<group>"; };
/* End PBXFileReference section */

/* Begin PBXFrameworksBuildPhase section */
		FD8400052C83648B0013D0E5 /* Frameworks */ = {
			isa = PBXFrameworksBuildPhase;
			buildActionMask = 2147483647;
			files = (
			);
			runOnlyForDeploymentPostprocessing = 0;
		};
		FD84000F2C83648C0013D0E5 /* Frameworks */ = {
			isa = PBXFrameworksBuildPhase;
			buildActionMask = 2147483647;
			files = (
			);
			runOnlyForDeploymentPostprocessing = 0;
		};
		FD84FFF42C8364880013D0E5 /* Frameworks */ = {
			isa = PBXFrameworksBuildPhase;
			buildActionMask = 2147483647;
			files = (
			);
			runOnlyForDeploymentPostprocessing = 0;
		};
/* End PBXFrameworksBuildPhase section */

/* Begin PBXGroup section */
		FD8400012C83648B0013D0E5 /* Preview Content */ = {
			isa = PBXGroup;
			children = (
				FD8400022C83648B0013D0E5 /* Preview Assets.xcassets */,
			);
			path = "Preview Content";
			sourceTree = "<group>";
		};
		FD84000B2C83648B0013D0E5 /* readySetGoTests */ = {
			isa = PBXGroup;
			children = (
				FD84000C2C83648C0013D0E5 /* readySetGoTests.swift */,
			);
			path = readySetGoTests;
			sourceTree = "<group>";
		};
		FD8400152C83648C0013D0E5 /* readySetGoUITests */ = {
			isa = PBXGroup;
			children = (
				FD8400162C83648C0013D0E5 /* readySetGoUITests.swift */,
				FD8400182C83648C0013D0E5 /* readySetGoUITestsLaunchTests.swift */,
			);
			path = readySetGoUITests;
			sourceTree = "<group>";
		};
		FD84FFEE2C8364880013D0E5 = {
			isa = PBXGroup;
			children = (
				FD84FFF92C8364880013D0E5 /* readySetGo */,
				FD84000B2C83648B0013D0E5 /* readySetGoTests */,
				FD8400152C83648C0013D0E5 /* readySetGoUITests */,
				FD84FFF82C8364880013D0E5 /* Products */,
			);
			sourceTree = "<group>";
		};
		FD84FFF82C8364880013D0E5 /* Products */ = {
			isa = PBXGroup;
			children = (
				FD84FFF72C8364880013D0E5 /* readySetGo.app */,
				FD8400082C83648B0013D0E5 /* readySetGoTests.xctest */,
				FD8400122C83648C0013D0E5 /* readySetGoUITests.xctest */,
			);
			name = Products;
			sourceTree = "<group>";
		};
		FD84FFF92C8364880013D0E5 /* readySetGo */ = {
			isa = PBXGroup;
			children = (
				FD84FFFA2C8364880013D0E5 /* readySetGoApp.swift */,
				FD84FFFC2C8364880013D0E5 /* ContentView.swift */,
				FD84FFFE2C83648B0013D0E5 /* Assets.xcassets */,
				FD8400002C83648B0013D0E5 /* readySetGo.entitlements */,
				FD8400012C83648B0013D0E5 /* Preview Content */,
			);
			path = readySetGo;
			sourceTree = "<group>";
		};
/* End PBXGroup section */

/* Begin PBXNativeTarget section */
		FD8400072C83648B0013D0E5 /* readySetGoTests */ = {
			isa = PBXNativeTarget;
			buildConfigurationList = FD84001F2C83648C0013D0E5 /* Build configuration list for PBXNativeTarget "readySetGoTests" */;
			buildPhases = (
				FD8400042C83648B0013D0E5 /* Sources */,
				FD8400052C83648B0013D0E5 /* Frameworks */,
				FD8400062C83648B0013D0E5 /* Resources */,
			);
			buildRules = (
			);
			dependencies = (
				FD84000A2C83648B0013D0E5 /* PBXTargetDependency */,
			);
			name = readySetGoTests;
			productName = readySetGoTests;
			productReference = FD8400082C83648B0013D0E5 /* readySetGoTests.xctest */;
			productType = "com.apple.product-type.bundle.unit-test";
		};
		FD8400112C83648C0013D0E5 /* readySetGoUITests */ = {
			isa = PBXNativeTarget;
			buildConfigurationList = FD8400222C83648C0013D0E5 /* Build configuration list for PBXNativeTarget "readySetGoUITests" */;
			buildPhases = (
				FD84000E2C83648C0013D0E5 /* Sources */,
				FD84000F2C83648C0013D0E5 /* Frameworks */,
				FD8400102C83648C0013D0E5 /* Resources */,
			);
			buildRules = (
			);
			dependencies = (
				FD8400142C83648C0013D0E5 /* PBXTargetDependency */,
			);
			name = readySetGoUITests;
			productName = readySetGoUITests;
			productReference = FD8400122C83648C0013D0E5 /* readySetGoUITests.xctest */;
			productType = "com.apple.product-type.bundle.ui-testing";
		};
		FD84FFF62C8364880013D0E5 /* readySetGo */ = {
			isa = PBXNativeTarget;
			buildConfigurationList = FD84001C2C83648C0013D0E5 /* Build configuration list for PBXNativeTarget "readySetGo" */;
			buildPhases = (
				FD84FFF32C8364880013D0E5 /* Sources */,
				FD84FFF42C8364880013D0E5 /* Frameworks */,
				FD84FFF52C8364880013D0E5 /* Resources */,
			);
			buildRules = (
			);
			dependencies = (
			);
			name = readySetGo;
			productName = readySetGo;
			productReference = FD84FFF72C8364880013D0E5 /* readySetGo.app */;
			productType = "com.apple.product-type.application";
		};
/* End PBXNativeTarget section */

/* Begin PBXProject section */
		FD84FFEF2C8364880013D0E5 /* Project object */ = {
			isa = PBXProject;
			attributes = {
				BuildIndependentTargetsInParallel = 1;
				LastSwiftUpdateCheck = 1430;
				LastUpgradeCheck = 1430;
				TargetAttributes = {
					FD8400072C83648B0013D0E5 = {
						CreatedOnToolsVersion = 14.3.1;
						TestTargetID = FD84FFF62C8364880013D0E5;
					};
					FD8400112C83648C0013D0E5 = {
						CreatedOnToolsVersion = 14.3.1;
						TestTargetID = FD84FFF62C8364880013D0E5;
					};
					FD84FFF62C8364880013D0E5 = {
						CreatedOnToolsVersion = 14.3.1;
					};
				};
			};
			buildConfigurationList = FD84FFF22C8364880013D0E5 /* Build configuration list for PBXProject "readySetGo" */;
			compatibilityVersion = "Xcode 14.0";
			developmentRegion = en;
			hasScannedForEncodings = 0;
			knownRegions = (
				en,
				Base,
			);
			mainGroup = FD84FFEE2C8364880013D0E5;
			productRefGroup = FD84FFF82C8364880013D0E5 /* Products */;
			projectDirPath = "";
			projectRoot = "";
			targets = (
				FD84FFF62C8364880013D0E5 /* readySetGo */,
				FD8400072C83648B0013D0E5 /* readySetGoTests */,
				FD8400112C83648C0013D0E5 /* readySetGoUITests */,
			);
		};
/* End PBXProject section */

/* Begin PBXResourcesBuildPhase section */
		FD8400062C83648B0013D0E5 /* Resources */ = {
			isa = PBXResourcesBuildPhase;
			buildActionMask = 2147483647;
			files = (
			);
			runOnlyForDeploymentPostprocessing = 0;
		};
		FD8400102C83648C0013D0E5 /* Resources */ = {
			isa = PBXResourcesBuildPhase;
			buildActionMask = 2147483647;
			files = (
			);
			runOnlyForDeploymentPostprocessing = 0;
		};
		FD84FFF52C8364880013D0E5 /* Resources */ = {
			isa = PBXResourcesBuildPhase;
			buildActionMask = 2147483647;
			files = (
				FD8400032C83648B0013D0E5 /* Preview Assets.xcassets in Resources */,
				FD84FFFF2C83648B0013D0E5 /* Assets.xcassets in Resources */,
			);
			runOnlyForDeploymentPostprocessing = 0;
		};
/* End PBXResourcesBuildPhase section */

/* Begin PBXSourcesBuildPhase section */
		FD8400042C83648B0013D0E5 /* Sources */ = {
			isa = PBXSourcesBuildPhase;
			buildActionMask = 2147483647;
			files = (
				FD84000D2C83648C0013D0E5 /* readySetGoTests.swift in Sources */,
			);
			runOnlyForDeploymentPostprocessing = 0;
		};
		FD84000E2C83648C0013D0E5 /* Sources */ = {
			isa = PBXSourcesBuildPhase;
			buildActionMask = 2147483647;
			files = (
				FD8400172C83648C0013D0E5 /* readySetGoUITests.swift in Sources */,
				FD8400192C83648C0013D0E5 /* readySetGoUITestsLaunchTests.swift in Sources */,
			);
			runOnlyForDeploymentPostprocessing = 0;
		};
		FD84FFF32C8364880013D0E5 /* Sources */ = {
			isa = PBXSourcesBuildPhase;
			buildActionMask = 2147483647;
			files = (
				FD84FFFD2C8364880013D0E5 /* ContentView.swift in Sources */,
				FD84FFFB2C8364880013D0E5 /* readySetGoApp.swift in Sources */,
			);
			runOnlyForDeploymentPostprocessing = 0;
		};
/* End PBXSourcesBuildPhase section */

/* Begin PBXTargetDependency section */
		FD84000A2C83648B0013D0E5 /* PBXTargetDependency */ = {
			isa = PBXTargetDependency;
			target = FD84FFF62C8364880013D0E5 /* readySetGo */;
			targetProxy = FD8400092C83648B0013D0E5 /* PBXContainerItemProxy */;
		};
		FD8400142C83648C0013D0E5 /* PBXTargetDependency */ = {
			isa = PBXTargetDependency;
			target = FD84FFF62C8364880013D0E5 /* readySetGo */;
			targetProxy = FD8400132C83648C0013D0E5 /* PBXContainerItemProxy */;
		};
/* End PBXTargetDependency section */

/* Begin XCBuildConfiguration section */
		FD84001A2C83648C0013D0E5 /* Debug */ = {
			isa = XCBuildConfiguration;
			buildSettings = {
				ALWAYS_SEARCH_USER_PATHS = NO;
				CLANG_ANALYZER_NONNULL = YES;
				CLANG_ANALYZER_NUMBER_OBJECT_CONVERSION = YES_AGGRESSIVE;
				CLANG_CXX_LANGUAGE_STANDARD = "gnu++20";
				CLANG_ENABLE_MODULES = YES;
				CLANG_ENABLE_OBJC_ARC = YES;
				CLANG_ENABLE_OBJC_WEAK = YES;
				CLANG_WARN_BLOCK_CAPTURE_AUTORELEASING = YES;
				CLANG_WARN_BOOL_CONVERSION = YES;
				CLANG_WARN_COMMA = YES;
				CLANG_WARN_CONSTANT_CONVERSION = YES;
				CLANG_WARN_DEPRECATED_OBJC_IMPLEMENTATIONS = YES;
				CLANG_WARN_DIRECT_OBJC_ISA_USAGE = YES_ERROR;
				CLANG_WARN_DOCUMENTATION_COMMENTS = YES;
				CLANG_WARN_EMPTY_BODY = YES;
				CLANG_WARN_ENUM_CONVERSION = YES;
				CLANG_WARN_INFINITE_RECURSION = YES;
				CLANG_WARN_INT_CONVERSION = YES;
				CLANG_WARN_NON_LITERAL_NULL_CONVERSION = YES;
				CLANG_WARN_OBJC_IMPLICIT_RETAIN_SELF = YES;
				CLANG_WARN_OBJC_LITERAL_CONVERSION = YES;
				CLANG_WARN_OBJC_ROOT_CLASS = YES_ERROR;
				CLANG_WARN_QUOTED_INCLUDE_IN_FRAMEWORK_HEADER = YES;
				CLANG_WARN_RANGE_LOOP_ANALYSIS = YES;
				CLANG_WARN_STRICT_PROTOTYPES = YES;
				CLANG_WARN_SUSPICIOUS_MOVE = YES;
				CLANG_WARN_UNGUARDED_AVAILABILITY = YES_AGGRESSIVE;
				CLANG_WARN_UNREACHABLE_CODE = YES;
				CLANG_WARN__DUPLICATE_METHOD_MATCH = YES;
				COPY_PHASE_STRIP = NO;
				DEBUG_INFORMATION_FORMAT = dwarf;
				ENABLE_STRICT_OBJC_MSGSEND = YES;
				ENABLE_TESTABILITY = YES;
				GCC_C_LANGUAGE_STANDARD = gnu11;
				GCC_DYNAMIC_NO_PIC = NO;
				GCC_NO_COMMON_BLOCKS = YES;
				GCC_OPTIMIZATION_LEVEL = 0;
				GCC_PREPROCESSOR_DEFINITIONS = (
					"DEBUG=1",
					"$(inherited)",
				);
				GCC_WARN_64_TO_32_BIT_CONVERSION = YES;
				GCC_WARN_ABOUT_RETURN_TYPE = YES_ERROR;
				GCC_WARN_UNDECLARED_SELECTOR = YES;
				GCC_WARN_UNINITIALIZED_AUTOS = YES_AGGRESSIVE;
				GCC_WARN_UNUSED_FUNCTION = YES;
				GCC_WARN_UNUSED_VARIABLE = YES;
				MTL_ENABLE_DEBUG_INFO = INCLUDE_SOURCE;
				MTL_FAST_MATH = YES;
				ONLY_ACTIVE_ARCH = YES;
				SWIFT_ACTIVE_COMPILATION_CONDITIONS = DEBUG;
				SWIFT_OPTIMIZATION_LEVEL = "-Onone";
			};
			name = Debug;
		};
		FD84001B2C83648C0013D0E5 /* Release */ = {
			isa = XCBuildConfiguration;
			buildSettings = {
				ALWAYS_SEARCH_USER_PATHS = NO;
				CLANG_ANALYZER_NONNULL = YES;
				CLANG_ANALYZER_NUMBER_OBJECT_CONVERSION = YES_AGGRESSIVE;
				CLANG_CXX_LANGUAGE_STANDARD = "gnu++20";
				CLANG_ENABLE_MODULES = YES;
				CLANG_ENABLE_OBJC_ARC = YES;
				CLANG_ENABLE_OBJC_WEAK = YES;
				CLANG_WARN_BLOCK_CAPTURE_AUTORELEASING = YES;
				CLANG_WARN_BOOL_CONVERSION = YES;
				CLANG_WARN_COMMA = YES;
				CLANG_WARN_CONSTANT_CONVERSION = YES;
				CLANG_WARN_DEPRECATED_OBJC_IMPLEMENTATIONS = YES;
				CLANG_WARN_DIRECT_OBJC_ISA_USAGE = YES_ERROR;
				CLANG_WARN_DOCUMENTATION_COMMENTS = YES;
				CLANG_WARN_EMPTY_BODY = YES;
				CLANG_WARN_ENUM_CONVERSION = YES;
				CLANG_WARN_INFINITE_RECURSION = YES;
				CLANG_WARN_INT_CONVERSION = YES;
				CLANG_WARN_NON_LITERAL_NULL_CONVERSION = YES;
				CLANG_WARN_OBJC_IMPLICIT_RETAIN_SELF = YES;
				CLANG_WARN_OBJC_LITERAL_CONVERSION = YES;
				CLANG_WARN_OBJC_ROOT_CLASS = YES_ERROR;
				CLANG_WARN_QUOTED_INCLUDE_IN_FRAMEWORK_HEADER = YES;
				CLANG_WARN_RANGE_LOOP_ANALYSIS = YES;
				CLANG_WARN_STRICT_PROTOTYPES = YES;
				CLANG_WARN_SUSPICIOUS_MOVE = YES;
				CLANG_WARN_UNGUARDED_AVAILABILITY = YES_AGGRESSIVE;
				CLANG_WARN_UNREACHABLE_CODE = YES;
				CLANG_WARN__DUPLICATE_METHOD_MATCH = YES;
				COPY_PHASE_STRIP = NO;
				DEBUG_INFORMATION_FORMAT = "dwarf-with-dsym";
				ENABLE_NS_ASSERTIONS = NO;
				ENABLE_STRICT_OBJC_MSGSEND = YES;
				GCC_C_LANGUAGE_STANDARD = gnu11;
				GCC_NO_COMMON_BLOCKS = YES;
				GCC_WARN_64_TO_32_BIT_CONVERSION = YES;
				GCC_WARN_ABOUT_RETURN_TYPE = YES_ERROR;
				GCC_WARN_UNDECLARED_SELECTOR = YES;
				GCC_WARN_UNINITIALIZED_AUTOS = YES_AGGRESSIVE;
				GCC_WARN_UNUSED_FUNCTION = YES;
				GCC_WARN_UNUSED_VARIABLE = YES;
				MTL_ENABLE_DEBUG_INFO = NO;
				MTL_FAST_MATH = YES;
				SWIFT_COMPILATION_MODE = wholemodule;
				SWIFT_OPTIMIZATION_LEVEL = "-O";
			};
			name = Release;
		};
		FD84001D2C83648C0013D0E5 /* Debug */ = {
			isa = XCBuildConfiguration;
			buildSettings = {
				ASSETCATALOG_COMPILER_APPICON_NAME = AppIcon;
				ASSETCATALOG_COMPILER_GLOBAL_ACCENT_COLOR_NAME = AccentColor;
				CODE_SIGN_ENTITLEMENTS = readySetGo/readySetGo.entitlements;
				CODE_SIGN_STYLE = Automatic;
				CURRENT_PROJECT_VERSION = 1;
				DEVELOPMENT_ASSET_PATHS = "\"readySetGo/Preview Content\"";
				DEVELOPMENT_TEAM = 67S8NC5MM6;
				ENABLE_HARDENED_RUNTIME = YES;
				ENABLE_PREVIEWS = YES;
				GENERATE_INFOPLIST_FILE = YES;
				"INFOPLIST_KEY_UIApplicationSceneManifest_Generation[sdk=iphoneos*]" = YES;
				"INFOPLIST_KEY_UIApplicationSceneManifest_Generation[sdk=iphonesimulator*]" = YES;
				"INFOPLIST_KEY_UIApplicationSupportsIndirectInputEvents[sdk=iphoneos*]" = YES;
				"INFOPLIST_KEY_UIApplicationSupportsIndirectInputEvents[sdk=iphonesimulator*]" = YES;
				"INFOPLIST_KEY_UILaunchScreen_Generation[sdk=iphoneos*]" = YES;
				"INFOPLIST_KEY_UILaunchScreen_Generation[sdk=iphonesimulator*]" = YES;
				"INFOPLIST_KEY_UIStatusBarStyle[sdk=iphoneos*]" = UIStatusBarStyleDefault;
				"INFOPLIST_KEY_UIStatusBarStyle[sdk=iphonesimulator*]" = UIStatusBarStyleDefault;
				INFOPLIST_KEY_UISupportedInterfaceOrientations_iPad = "UIInterfaceOrientationPortrait UIInterfaceOrientationPortraitUpsideDown UIInterfaceOrientationLandscapeLeft UIInterfaceOrientationLandscapeRight";
				INFOPLIST_KEY_UISupportedInterfaceOrientations_iPhone = "UIInterfaceOrientationPortrait UIInterfaceOrientationLandscapeLeft UIInterfaceOrientationLandscapeRight";
				IPHONEOS_DEPLOYMENT_TARGET = 16.4;
				LD_RUNPATH_SEARCH_PATHS = "@executable_path/Frameworks";
				"LD_RUNPATH_SEARCH_PATHS[sdk=macosx*]" = "@executable_path/../Frameworks";
				MACOSX_DEPLOYMENT_TARGET = 13.3;
				MARKETING_VERSION = 1.0;
				PRODUCT_BUNDLE_IDENTIFIER = com.readysetgo.readySetGo;
				PRODUCT_NAME = "$(TARGET_NAME)";
				SDKROOT = auto;
				SUPPORTED_PLATFORMS = "iphoneos iphonesimulator macosx";
				SWIFT_EMIT_LOC_STRINGS = YES;
				SWIFT_VERSION = 5.0;
				TARGETED_DEVICE_FAMILY = "1,2";
			};
			name = Debug;
		};
		FD84001E2C83648C0013D0E5 /* Release */ = {
			isa = XCBuildConfiguration;
			buildSettings = {
				ASSETCATALOG_COMPILER_APPICON_NAME = AppIcon;
				ASSETCATALOG_COMPILER_GLOBAL_ACCENT_COLOR_NAME = AccentColor;
				CODE_SIGN_ENTITLEMENTS = readySetGo/readySetGo.entitlements;
				CODE_SIGN_STYLE = Automatic;
				CURRENT_PROJECT_VERSION = 1;
				DEVELOPMENT_ASSET_PATHS = "\"readySetGo/Preview Content\"";
				DEVELOPMENT_TEAM = 67S8NC5MM6;
				ENABLE_HARDENED_RUNTIME = YES;
				ENABLE_PREVIEWS = YES;
				GENERATE_INFOPLIST_FILE = YES;
				"INFOPLIST_KEY_UIApplicationSceneManifest_Generation[sdk=iphoneos*]" = YES;
				"INFOPLIST_KEY_UIApplicationSceneManifest_Generation[sdk=iphonesimulator*]" = YES;
				"INFOPLIST_KEY_UIApplicationSupportsIndirectInputEvents[sdk=iphoneos*]" = YES;
				"INFOPLIST_KEY_UIApplicationSupportsIndirectInputEvents[sdk=iphonesimulator*]" = YES;
				"INFOPLIST_KEY_UILaunchScreen_Generation[sdk=iphoneos*]" = YES;
				"INFOPLIST_KEY_UILaunchScreen_Generation[sdk=iphonesimulator*]" = YES;
				"INFOPLIST_KEY_UIStatusBarStyle[sdk=iphoneos*]" = UIStatusBarStyleDefault;
				"INFOPLIST_KEY_UIStatusBarStyle[sdk=iphonesimulator*]" = UIStatusBarStyleDefault;
				INFOPLIST_KEY_UISupportedInterfaceOrientations_iPad = "UIInterfaceOrientationPortrait UIInterfaceOrientationPortraitUpsideDown UIInterfaceOrientationLandscapeLeft UIInterfaceOrientationLandscapeRight";
				INFOPLIST_KEY_UISupportedInterfaceOrientations_iPhone = "UIInterfaceOrientationPortrait UIInterfaceOrientationLandscapeLeft UIInterfaceOrientationLandscapeRight";
				IPHONEOS_DEPLOYMENT_TARGET = 16.4;
				LD_RUNPATH_SEARCH_PATHS = "@executable_path/Frameworks";
				"LD_RUNPATH_SEARCH_PATHS[sdk=macosx*]" = "@executable_path/../Frameworks";
				MACOSX_DEPLOYMENT_TARGET = 13.3;
				MARKETING_VERSION = 1.0;
				PRODUCT_BUNDLE_IDENTIFIER = com.readysetgo.readySetGo;
				PRODUCT_NAME = "$(TARGET_NAME)";
				SDKROOT = auto;
				SUPPORTED_PLATFORMS = "iphoneos iphonesimulator macosx";
				SWIFT_EMIT_LOC_STRINGS = YES;
				SWIFT_VERSION = 5.0;
				TARGETED_DEVICE_FAMILY = "1,2";
			};
			name = Release;
		};
		FD8400202C83648C0013D0E5 /* Debug */ = {
			isa = XCBuildConfiguration;
			buildSettings = {
				ALWAYS_EMBED_SWIFT_STANDARD_LIBRARIES = YES;
				BUNDLE_LOADER = "$(TEST_HOST)";
				CODE_SIGN_STYLE = Automatic;
				CURRENT_PROJECT_VERSION = 1;
				DEVELOPMENT_TEAM = 67S8NC5MM6;
				GENERATE_INFOPLIST_FILE = YES;
				IPHONEOS_DEPLOYMENT_TARGET = 16.4;
				MACOSX_DEPLOYMENT_TARGET = 13.3;
				MARKETING_VERSION = 1.0;
				PRODUCT_BUNDLE_IDENTIFIER = com.readysetgo.readySetGoTests;
				PRODUCT_NAME = "$(TARGET_NAME)";
				SDKROOT = auto;
				SUPPORTED_PLATFORMS = "iphoneos iphonesimulator macosx";
				SWIFT_EMIT_LOC_STRINGS = NO;
				SWIFT_VERSION = 5.0;
				TARGETED_DEVICE_FAMILY = "1,2";
				TEST_HOST = "$(BUILT_PRODUCTS_DIR)/readySetGo.app/$(BUNDLE_EXECUTABLE_FOLDER_PATH)/readySetGo";
			};
			name = Debug;
		};
		FD8400212C83648C0013D0E5 /* Release */ = {
			isa = XCBuildConfiguration;
			buildSettings = {
				ALWAYS_EMBED_SWIFT_STANDARD_LIBRARIES = YES;
				BUNDLE_LOADER = "$(TEST_HOST)";
				CODE_SIGN_STYLE = Automatic;
				CURRENT_PROJECT_VERSION = 1;
				DEVELOPMENT_TEAM = 67S8NC5MM6;
				GENERATE_INFOPLIST_FILE = YES;
				IPHONEOS_DEPLOYMENT_TARGET = 16.4;
				MACOSX_DEPLOYMENT_TARGET = 13.3;
				MARKETING_VERSION = 1.0;
				PRODUCT_BUNDLE_IDENTIFIER = com.readysetgo.readySetGoTests;
				PRODUCT_NAME = "$(TARGET_NAME)";
				SDKROOT = auto;
				SUPPORTED_PLATFORMS = "iphoneos iphonesimulator macosx";
				SWIFT_EMIT_LOC_STRINGS = NO;
				SWIFT_VERSION = 5.0;
				TARGETED_DEVICE_FAMILY = "1,2";
				TEST_HOST = "$(BUILT_PRODUCTS_DIR)/readySetGo.app/$(BUNDLE_EXECUTABLE_FOLDER_PATH)/readySetGo";
			};
			name = Release;
		};
		FD8400232C83648C0013D0E5 /* Debug */ = {
			isa = XCBuildConfiguration;
			buildSettings = {
				ALWAYS_EMBED_SWIFT_STANDARD_LIBRARIES = YES;
				CODE_SIGN_STYLE = Automatic;
				CURRENT_PROJECT_VERSION = 1;
				DEVELOPMENT_TEAM = 67S8NC5MM6;
				GENERATE_INFOPLIST_FILE = YES;
				IPHONEOS_DEPLOYMENT_TARGET = 16.4;
				MACOSX_DEPLOYMENT_TARGET = 13.3;
				MARKETING_VERSION = 1.0;
				PRODUCT_BUNDLE_IDENTIFIER = com.readysetgo.readySetGoUITests;
				PRODUCT_NAME = "$(TARGET_NAME)";
				SDKROOT = auto;
				SUPPORTED_PLATFORMS = "iphoneos iphonesimulator macosx";
				SWIFT_EMIT_LOC_STRINGS = NO;
				SWIFT_VERSION = 5.0;
				TARGETED_DEVICE_FAMILY = "1,2";
				TEST_TARGET_NAME = readySetGo;
			};
			name = Debug;
		};
		FD8400242C83648C0013D0E5 /* Release */ = {
			isa = XCBuildConfiguration;
			buildSettings = {
				ALWAYS_EMBED_SWIFT_STANDARD_LIBRARIES = YES;
				CODE_SIGN_STYLE = Automatic;
				CURRENT_PROJECT_VERSION = 1;
				DEVELOPMENT_TEAM = 67S8NC5MM6;
				GENERATE_INFOPLIST_FILE = YES;
				IPHONEOS_DEPLOYMENT_TARGET = 16.4;
				MACOSX_DEPLOYMENT_TARGET = 13.3;
				MARKETING_VERSION = 1.0;
				PRODUCT_BUNDLE_IDENTIFIER = com.readysetgo.readySetGoUITests;
				PRODUCT_NAME = "$(TARGET_NAME)";
				SDKROOT = auto;
				SUPPORTED_PLATFORMS = "iphoneos iphonesimulator macosx";
				SWIFT_EMIT_LOC_STRINGS = NO;
				SWIFT_VERSION = 5.0;
				TARGETED_DEVICE_FAMILY = "1,2";
				TEST_TARGET_NAME = readySetGo;
			};
			name = Release;
		};
/* End XCBuildConfiguration section */

/* Begin XCConfigurationList section */
		FD84001C2C83648C0013D0E5 /* Build configuration list for PBXNativeTarget "readySetGo" */ = {
			isa = XCConfigurationList;
			buildConfigurations = (
				FD84001D2C83648C0013D0E5 /* Debug */,
				FD84001E2C83648C0013D0E5 /* Release */,
			);
			defaultConfigurationIsVisible = 0;
			defaultConfigurationName = Release;
		};
		FD84001F2C83648C0013D0E5 /* Build configuration list for PBXNativeTarget "readySetGoTests" */ = {
			isa = XCConfigurationList;
			buildConfigurations = (
				FD8400202C83648C0013D0E5 /* Debug */,
				FD8400212C83648C0013D0E5 /* Release */,
			);
			defaultConfigurationIsVisible = 0;
			defaultConfigurationName = Release;
		};
		FD8400222C83648C0013D0E5 /* Build configuration list for PBXNativeTarget "readySetGoUITests" */ = {
			isa = XCConfigurationList;
			buildConfigurations = (
				FD8400232C83648C0013D0E5 /* Debug */,
				FD8400242C83648C0013D0E5 /* Release */,
			);
			defaultConfigurationIsVisible = 0;
			defaultConfigurationName = Release;
		};
		FD84FFF22C8364880013D0E5 /* Build configuration list for PBXProject "readySetGo" */ = {
			isa = XCConfigurationList;
			buildConfigurations = (
				FD84001A2C83648C0013D0E5 /* Debug */,
				FD84001B2C83648C0013D0E5 /* Release */,
			);
			defaultConfigurationIsVisible = 0;
			defaultConfigurationName = Release;
		};
/* End XCConfigurationList section */
	};
	rootObject = FD84FFEF2C8364880013D0E5 /* Project object */;
}
